// !$*UTF8*$!
{
	archiveVersion = 1;
	classes = {
	};
	objectVersion = 46;
	objects = {

/* Begin PBXBuildFile section */
		261043FD1AA820C10029ECA0 /* FadeSeque.m in Sources */ = {isa = PBXBuildFile; fileRef = 261043FC1AA820C10029ECA0 /* FadeSeque.m */; };
		261044011AA840C40029ECA0 /* Authentication.m in Sources */ = {isa = PBXBuildFile; fileRef = 261044001AA840C40029ECA0 /* Authentication.m */; };
		262C6DB61AA96CF800708D44 /* Security.framework in Frameworks */ = {isa = PBXBuildFile; fileRef = 262C6DB51AA96CF800708D44 /* Security.framework */; };
		262C6DB91AA96DE900708D44 /* UICKeyChainStore.m in Sources */ = {isa = PBXBuildFile; fileRef = 262C6DB81AA96DE900708D44 /* UICKeyChainStore.m */; };
		2F0A4D451AA289F0001C7E36 /* main.m in Sources */ = {isa = PBXBuildFile; fileRef = 2F0A4D441AA289F0001C7E36 /* main.m */; };
		2F0A4D481AA289F0001C7E36 /* AppDelegate.m in Sources */ = {isa = PBXBuildFile; fileRef = 2F0A4D471AA289F0001C7E36 /* AppDelegate.m */; };
		2F0A4D4B1AA289F0001C7E36 /* FirstViewController.m in Sources */ = {isa = PBXBuildFile; fileRef = 2F0A4D4A1AA289F0001C7E36 /* FirstViewController.m */; };
		2F0A4D4E1AA289F0001C7E36 /* SecondViewController.m in Sources */ = {isa = PBXBuildFile; fileRef = 2F0A4D4D1AA289F0001C7E36 /* SecondViewController.m */; };
		2F0A4D511AA289F0001C7E36 /* Main.storyboard in Resources */ = {isa = PBXBuildFile; fileRef = 2F0A4D4F1AA289F0001C7E36 /* Main.storyboard */; };
		2F0A4D531AA289F0001C7E36 /* Images.xcassets in Resources */ = {isa = PBXBuildFile; fileRef = 2F0A4D521AA289F0001C7E36 /* Images.xcassets */; };
		2F0A4D561AA289F0001C7E36 /* LaunchScreen.xib in Resources */ = {isa = PBXBuildFile; fileRef = 2F0A4D541AA289F0001C7E36 /* LaunchScreen.xib */; };
		2F0A4D621AA289F0001C7E36 /* DeviseAuthTests.m in Sources */ = {isa = PBXBuildFile; fileRef = 2F0A4D611AA289F0001C7E36 /* DeviseAuthTests.m */; };
		2F0A4D6D1AA28A8C001C7E36 /* SignInViewController.m in Sources */ = {isa = PBXBuildFile; fileRef = 2F0A4D6C1AA28A8C001C7E36 /* SignInViewController.m */; };
		2F0A4D711AA28F16001C7E36 /* User.m in Sources */ = {isa = PBXBuildFile; fileRef = 2F0A4D701AA28F16001C7E36 /* User.m */; };
		2F0A4D791AA296C5001C7E36 /* SignUpViewController.m in Sources */ = {isa = PBXBuildFile; fileRef = 2F0A4D781AA296C5001C7E36 /* SignUpViewController.m */; };
/* End PBXBuildFile section */

/* Begin PBXContainerItemProxy section */
		2F0A4D5C1AA289F0001C7E36 /* PBXContainerItemProxy */ = {
			isa = PBXContainerItemProxy;
			containerPortal = 2F0A4D371AA289F0001C7E36 /* Project object */;
			proxyType = 1;
			remoteGlobalIDString = 2F0A4D3E1AA289F0001C7E36;
			remoteInfo = DeviseAuth;
		};
/* End PBXContainerItemProxy section */

/* Begin PBXFileReference section */
		261043FB1AA820C10029ECA0 /* FadeSeque.h */ = {isa = PBXFileReference; fileEncoding = 4; lastKnownFileType = sourcecode.c.h; path = FadeSeque.h; sourceTree = "<group>"; };
		261043FC1AA820C10029ECA0 /* FadeSeque.m */ = {isa = PBXFileReference; fileEncoding = 4; lastKnownFileType = sourcecode.c.objc; path = FadeSeque.m; sourceTree = "<group>"; };
		261043FF1AA840C40029ECA0 /* Authentication.h */ = {isa = PBXFileReference; fileEncoding = 4; lastKnownFileType = sourcecode.c.h; path = Authentication.h; sourceTree = "<group>"; };
		261044001AA840C40029ECA0 /* Authentication.m */ = {isa = PBXFileReference; fileEncoding = 4; lastKnownFileType = sourcecode.c.objc; path = Authentication.m; sourceTree = "<group>"; };
		262C6DB51AA96CF800708D44 /* Security.framework */ = {isa = PBXFileReference; lastKnownFileType = wrapper.framework; name = Security.framework; path = System/Library/Frameworks/Security.framework; sourceTree = SDKROOT; };
		262C6DB71AA96DE900708D44 /* UICKeyChainStore.h */ = {isa = PBXFileReference; fileEncoding = 4; lastKnownFileType = sourcecode.c.h; path = UICKeyChainStore.h; sourceTree = "<group>"; };
		262C6DB81AA96DE900708D44 /* UICKeyChainStore.m */ = {isa = PBXFileReference; fileEncoding = 4; lastKnownFileType = sourcecode.c.objc; path = UICKeyChainStore.m; sourceTree = "<group>"; };
		2F0A4D3F1AA289F0001C7E36 /* DeviseAuth.app */ = {isa = PBXFileReference; explicitFileType = wrapper.application; includeInIndex = 0; path = DeviseAuth.app; sourceTree = BUILT_PRODUCTS_DIR; };
		2F0A4D431AA289F0001C7E36 /* Info.plist */ = {isa = PBXFileReference; lastKnownFileType = text.plist.xml; path = Info.plist; sourceTree = "<group>"; };
		2F0A4D441AA289F0001C7E36 /* main.m */ = {isa = PBXFileReference; lastKnownFileType = sourcecode.c.objc; path = main.m; sourceTree = "<group>"; };
		2F0A4D461AA289F0001C7E36 /* AppDelegate.h */ = {isa = PBXFileReference; lastKnownFileType = sourcecode.c.h; path = AppDelegate.h; sourceTree = "<group>"; };
		2F0A4D471AA289F0001C7E36 /* AppDelegate.m */ = {isa = PBXFileReference; lastKnownFileType = sourcecode.c.objc; path = AppDelegate.m; sourceTree = "<group>"; };
		2F0A4D491AA289F0001C7E36 /* FirstViewController.h */ = {isa = PBXFileReference; lastKnownFileType = sourcecode.c.h; path = FirstViewController.h; sourceTree = "<group>"; };
		2F0A4D4A1AA289F0001C7E36 /* FirstViewController.m */ = {isa = PBXFileReference; lastKnownFileType = sourcecode.c.objc; path = FirstViewController.m; sourceTree = "<group>"; };
		2F0A4D4C1AA289F0001C7E36 /* SecondViewController.h */ = {isa = PBXFileReference; lastKnownFileType = sourcecode.c.h; path = SecondViewController.h; sourceTree = "<group>"; };
		2F0A4D4D1AA289F0001C7E36 /* SecondViewController.m */ = {isa = PBXFileReference; lastKnownFileType = sourcecode.c.objc; path = SecondViewController.m; sourceTree = "<group>"; };
		2F0A4D501AA289F0001C7E36 /* Base */ = {isa = PBXFileReference; lastKnownFileType = file.storyboard; name = Base; path = Base.lproj/Main.storyboard; sourceTree = "<group>"; };
		2F0A4D521AA289F0001C7E36 /* Images.xcassets */ = {isa = PBXFileReference; lastKnownFileType = folder.assetcatalog; path = Images.xcassets; sourceTree = "<group>"; };
		2F0A4D551AA289F0001C7E36 /* Base */ = {isa = PBXFileReference; lastKnownFileType = file.xib; name = Base; path = Base.lproj/LaunchScreen.xib; sourceTree = "<group>"; };
		2F0A4D5B1AA289F0001C7E36 /* DeviseAuthTests.xctest */ = {isa = PBXFileReference; explicitFileType = wrapper.cfbundle; includeInIndex = 0; path = DeviseAuthTests.xctest; sourceTree = BUILT_PRODUCTS_DIR; };
		2F0A4D601AA289F0001C7E36 /* Info.plist */ = {isa = PBXFileReference; lastKnownFileType = text.plist.xml; path = Info.plist; sourceTree = "<group>"; };
		2F0A4D611AA289F0001C7E36 /* DeviseAuthTests.m */ = {isa = PBXFileReference; lastKnownFileType = sourcecode.c.objc; path = DeviseAuthTests.m; sourceTree = "<group>"; };
		2F0A4D6B1AA28A8C001C7E36 /* SignInViewController.h */ = {isa = PBXFileReference; fileEncoding = 4; lastKnownFileType = sourcecode.c.h; path = SignInViewController.h; sourceTree = "<group>"; };
		2F0A4D6C1AA28A8C001C7E36 /* SignInViewController.m */ = {isa = PBXFileReference; fileEncoding = 4; lastKnownFileType = sourcecode.c.objc; path = SignInViewController.m; sourceTree = "<group>"; };
		2F0A4D6F1AA28F16001C7E36 /* User.h */ = {isa = PBXFileReference; fileEncoding = 4; lastKnownFileType = sourcecode.c.h; path = User.h; sourceTree = "<group>"; };
		2F0A4D701AA28F16001C7E36 /* User.m */ = {isa = PBXFileReference; fileEncoding = 4; lastKnownFileType = sourcecode.c.objc; path = User.m; sourceTree = "<group>"; };
		2F0A4D771AA296C5001C7E36 /* SignUpViewController.h */ = {isa = PBXFileReference; fileEncoding = 4; lastKnownFileType = sourcecode.c.h; path = SignUpViewController.h; sourceTree = "<group>"; };
		2F0A4D781AA296C5001C7E36 /* SignUpViewController.m */ = {isa = PBXFileReference; fileEncoding = 4; lastKnownFileType = sourcecode.c.objc; path = SignUpViewController.m; sourceTree = "<group>"; };
/* End PBXFileReference section */

/* Begin PBXFrameworksBuildPhase section */
		2F0A4D3C1AA289F0001C7E36 /* Frameworks */ = {
			isa = PBXFrameworksBuildPhase;
			buildActionMask = 2147483647;
			files = (
				262C6DB61AA96CF800708D44 /* Security.framework in Frameworks */,
			);
			runOnlyForDeploymentPostprocessing = 0;
		};
		2F0A4D581AA289F0001C7E36 /* Frameworks */ = {
			isa = PBXFrameworksBuildPhase;
			buildActionMask = 2147483647;
			files = (
			);
			runOnlyForDeploymentPostprocessing = 0;
		};
/* End PBXFrameworksBuildPhase section */

/* Begin PBXGroup section */
		261043FA1AA820550029ECA0 /* Segues */ = {
			isa = PBXGroup;
			children = (
				261043FB1AA820C10029ECA0 /* FadeSeque.h */,
				261043FC1AA820C10029ECA0 /* FadeSeque.m */,
			);
			path = Segues;
			sourceTree = "<group>";
		};
		261043FE1AA840A60029ECA0 /* Services */ = {
			isa = PBXGroup;
			children = (
				262C6DB71AA96DE900708D44 /* UICKeyChainStore.h */,
				262C6DB81AA96DE900708D44 /* UICKeyChainStore.m */,
				261043FF1AA840C40029ECA0 /* Authentication.h */,
				261044001AA840C40029ECA0 /* Authentication.m */,
			);
			path = Services;
			sourceTree = "<group>";
		};
		2F0A4D361AA289F0001C7E36 = {
			isa = PBXGroup;
			children = (
				262C6DB51AA96CF800708D44 /* Security.framework */,
				2F0A4D411AA289F0001C7E36 /* DeviseAuth */,
				2F0A4D5E1AA289F0001C7E36 /* DeviseAuthTests */,
				2F0A4D401AA289F0001C7E36 /* Products */,
			);
			sourceTree = "<group>";
		};
		2F0A4D401AA289F0001C7E36 /* Products */ = {
			isa = PBXGroup;
			children = (
				2F0A4D3F1AA289F0001C7E36 /* DeviseAuth.app */,
				2F0A4D5B1AA289F0001C7E36 /* DeviseAuthTests.xctest */,
			);
			name = Products;
			sourceTree = "<group>";
		};
		2F0A4D411AA289F0001C7E36 /* DeviseAuth */ = {
			isa = PBXGroup;
			children = (
				261043FE1AA840A60029ECA0 /* Services */,
				261043FA1AA820550029ECA0 /* Segues */,
				2F0A4D721AA29265001C7E36 /* Controllers */,
				2F0A4D6E1AA28EFA001C7E36 /* Models */,
				2F0A4D461AA289F0001C7E36 /* AppDelegate.h */,
				2F0A4D471AA289F0001C7E36 /* AppDelegate.m */,
				2F0A4D4F1AA289F0001C7E36 /* Main.storyboard */,
				2F0A4D521AA289F0001C7E36 /* Images.xcassets */,
				2F0A4D541AA289F0001C7E36 /* LaunchScreen.xib */,
				2F0A4D421AA289F0001C7E36 /* Supporting Files */,
			);
			path = DeviseAuth;
			sourceTree = "<group>";
		};
		2F0A4D421AA289F0001C7E36 /* Supporting Files */ = {
			isa = PBXGroup;
			children = (
				2F0A4D431AA289F0001C7E36 /* Info.plist */,
				2F0A4D441AA289F0001C7E36 /* main.m */,
			);
			name = "Supporting Files";
			sourceTree = "<group>";
		};
		2F0A4D5E1AA289F0001C7E36 /* DeviseAuthTests */ = {
			isa = PBXGroup;
			children = (
				2F0A4D611AA289F0001C7E36 /* DeviseAuthTests.m */,
				2F0A4D5F1AA289F0001C7E36 /* Supporting Files */,
			);
			path = DeviseAuthTests;
			sourceTree = "<group>";
		};
		2F0A4D5F1AA289F0001C7E36 /* Supporting Files */ = {
			isa = PBXGroup;
			children = (
				2F0A4D601AA289F0001C7E36 /* Info.plist */,
			);
			name = "Supporting Files";
			sourceTree = "<group>";
		};
		2F0A4D6E1AA28EFA001C7E36 /* Models */ = {
			isa = PBXGroup;
			children = (
				2F0A4D6F1AA28F16001C7E36 /* User.h */,
				2F0A4D701AA28F16001C7E36 /* User.m */,
			);
			name = Models;
			sourceTree = "<group>";
		};
		2F0A4D721AA29265001C7E36 /* Controllers */ = {
			isa = PBXGroup;
			children = (
				2F0A4D731AA295B1001C7E36 /* Authentication */,
				2F0A4D491AA289F0001C7E36 /* FirstViewController.h */,
				2F0A4D4A1AA289F0001C7E36 /* FirstViewController.m */,
				2F0A4D4C1AA289F0001C7E36 /* SecondViewController.h */,
				2F0A4D4D1AA289F0001C7E36 /* SecondViewController.m */,
			);
			name = Controllers;
			sourceTree = "<group>";
		};
		2F0A4D731AA295B1001C7E36 /* Authentication */ = {
			isa = PBXGroup;
			children = (
				2F0A4D6B1AA28A8C001C7E36 /* SignInViewController.h */,
				2F0A4D6C1AA28A8C001C7E36 /* SignInViewController.m */,
				2F0A4D771AA296C5001C7E36 /* SignUpViewController.h */,
				2F0A4D781AA296C5001C7E36 /* SignUpViewController.m */,
			);
			name = Authentication;
			sourceTree = "<group>";
		};
/* End PBXGroup section */

/* Begin PBXNativeTarget section */
		2F0A4D3E1AA289F0001C7E36 /* DeviseAuth */ = {
			isa = PBXNativeTarget;
			buildConfigurationList = 2F0A4D651AA289F0001C7E36 /* Build configuration list for PBXNativeTarget "DeviseAuth" */;
			buildPhases = (
				2F0A4D3B1AA289F0001C7E36 /* Sources */,
				2F0A4D3C1AA289F0001C7E36 /* Frameworks */,
				2F0A4D3D1AA289F0001C7E36 /* Resources */,
			);
			buildRules = (
			);
			dependencies = (
			);
			name = DeviseAuth;
			productName = DeviseAuth;
			productReference = 2F0A4D3F1AA289F0001C7E36 /* DeviseAuth.app */;
			productType = "com.apple.product-type.application";
		};
		2F0A4D5A1AA289F0001C7E36 /* DeviseAuthTests */ = {
			isa = PBXNativeTarget;
			buildConfigurationList = 2F0A4D681AA289F0001C7E36 /* Build configuration list for PBXNativeTarget "DeviseAuthTests" */;
			buildPhases = (
				2F0A4D571AA289F0001C7E36 /* Sources */,
				2F0A4D581AA289F0001C7E36 /* Frameworks */,
				2F0A4D591AA289F0001C7E36 /* Resources */,
			);
			buildRules = (
			);
			dependencies = (
				2F0A4D5D1AA289F0001C7E36 /* PBXTargetDependency */,
			);
			name = DeviseAuthTests;
			productName = DeviseAuthTests;
			productReference = 2F0A4D5B1AA289F0001C7E36 /* DeviseAuthTests.xctest */;
			productType = "com.apple.product-type.bundle.unit-test";
		};
/* End PBXNativeTarget section */

/* Begin PBXProject section */
		2F0A4D371AA289F0001C7E36 /* Project object */ = {
			isa = PBXProject;
			attributes = {
				LastUpgradeCheck = 0610;
				ORGANIZATIONNAME = justinmalone.co;
				TargetAttributes = {
					2F0A4D3E1AA289F0001C7E36 = {
						CreatedOnToolsVersion = 6.1.1;
					};
					2F0A4D5A1AA289F0001C7E36 = {
						CreatedOnToolsVersion = 6.1.1;
						TestTargetID = 2F0A4D3E1AA289F0001C7E36;
					};
				};
			};
			buildConfigurationList = 2F0A4D3A1AA289F0001C7E36 /* Build configuration list for PBXProject "DeviseAuth" */;
			compatibilityVersion = "Xcode 3.2";
			developmentRegion = English;
			hasScannedForEncodings = 0;
			knownRegions = (
				en,
				Base,
			);
			mainGroup = 2F0A4D361AA289F0001C7E36;
			productRefGroup = 2F0A4D401AA289F0001C7E36 /* Products */;
			projectDirPath = "";
			projectRoot = "";
			targets = (
				2F0A4D3E1AA289F0001C7E36 /* DeviseAuth */,
				2F0A4D5A1AA289F0001C7E36 /* DeviseAuthTests */,
			);
		};
/* End PBXProject section */

/* Begin PBXResourcesBuildPhase section */
		2F0A4D3D1AA289F0001C7E36 /* Resources */ = {
			isa = PBXResourcesBuildPhase;
			buildActionMask = 2147483647;
			files = (
				2F0A4D511AA289F0001C7E36 /* Main.storyboard in Resources */,
				2F0A4D561AA289F0001C7E36 /* LaunchScreen.xib in Resources */,
				2F0A4D531AA289F0001C7E36 /* Images.xcassets in Resources */,
			);
			runOnlyForDeploymentPostprocessing = 0;
		};
		2F0A4D591AA289F0001C7E36 /* Resources */ = {
			isa = PBXResourcesBuildPhase;
			buildActionMask = 2147483647;
			files = (
			);
			runOnlyForDeploymentPostprocessing = 0;
		};
/* End PBXResourcesBuildPhase section */

/* Begin PBXSourcesBuildPhase section */
		2F0A4D3B1AA289F0001C7E36 /* Sources */ = {
			isa = PBXSourcesBuildPhase;
			buildActionMask = 2147483647;
			files = (
				2F0A4D6D1AA28A8C001C7E36 /* SignInViewController.m in Sources */,
				261043FD1AA820C10029ECA0 /* FadeSeque.m in Sources */,
				2F0A4D4E1AA289F0001C7E36 /* SecondViewController.m in Sources */,
				262C6DB91AA96DE900708D44 /* UICKeyChainStore.m in Sources */,
				2F0A4D711AA28F16001C7E36 /* User.m in Sources */,
				2F0A4D481AA289F0001C7E36 /* AppDelegate.m in Sources */,
				2F0A4D4B1AA289F0001C7E36 /* FirstViewController.m in Sources */,
				2F0A4D791AA296C5001C7E36 /* SignUpViewController.m in Sources */,
				261044011AA840C40029ECA0 /* Authentication.m in Sources */,
				2F0A4D451AA289F0001C7E36 /* main.m in Sources */,
			);
			runOnlyForDeploymentPostprocessing = 0;
		};
		2F0A4D571AA289F0001C7E36 /* Sources */ = {
			isa = PBXSourcesBuildPhase;
			buildActionMask = 2147483647;
			files = (
				2F0A4D621AA289F0001C7E36 /* DeviseAuthTests.m in Sources */,
			);
			runOnlyForDeploymentPostprocessing = 0;
		};
/* End PBXSourcesBuildPhase section */

/* Begin PBXTargetDependency section */
		2F0A4D5D1AA289F0001C7E36 /* PBXTargetDependency */ = {
			isa = PBXTargetDependency;
			target = 2F0A4D3E1AA289F0001C7E36 /* DeviseAuth */;
			targetProxy = 2F0A4D5C1AA289F0001C7E36 /* PBXContainerItemProxy */;
		};
/* End PBXTargetDependency section */

/* Begin PBXVariantGroup section */
		2F0A4D4F1AA289F0001C7E36 /* Main.storyboard */ = {
			isa = PBXVariantGroup;
			children = (
				2F0A4D501AA289F0001C7E36 /* Base */,
			);
			name = Main.storyboard;
			sourceTree = "<group>";
		};
		2F0A4D541AA289F0001C7E36 /* LaunchScreen.xib */ = {
			isa = PBXVariantGroup;
			children = (
				2F0A4D551AA289F0001C7E36 /* Base */,
			);
			name = LaunchScreen.xib;
			sourceTree = "<group>";
		};
/* End PBXVariantGroup section */

/* Begin XCBuildConfiguration section */
		2F0A4D631AA289F0001C7E36 /* Debug */ = {
			isa = XCBuildConfiguration;
			buildSettings = {
				ALWAYS_SEARCH_USER_PATHS = NO;
				CLANG_CXX_LANGUAGE_STANDARD = "gnu++0x";
				CLANG_CXX_LIBRARY = "libc++";
				CLANG_ENABLE_MODULES = YES;
				CLANG_ENABLE_OBJC_ARC = YES;
				CLANG_WARN_BOOL_CONVERSION = YES;
				CLANG_WARN_CONSTANT_CONVERSION = YES;
				CLANG_WARN_DIRECT_OBJC_ISA_USAGE = YES_ERROR;
				CLANG_WARN_EMPTY_BODY = YES;
				CLANG_WARN_ENUM_CONVERSION = YES;
				CLANG_WARN_INT_CONVERSION = YES;
				CLANG_WARN_OBJC_ROOT_CLASS = YES_ERROR;
				CLANG_WARN_UNREACHABLE_CODE = YES;
				CLANG_WARN__DUPLICATE_METHOD_MATCH = YES;
				"CODE_SIGN_IDENTITY[sdk=iphoneos*]" = "iPhone Developer";
				COPY_PHASE_STRIP = NO;
				ENABLE_STRICT_OBJC_MSGSEND = YES;
				GCC_C_LANGUAGE_STANDARD = gnu99;
				GCC_DYNAMIC_NO_PIC = NO;
				GCC_OPTIMIZATION_LEVEL = 0;
				GCC_PREPROCESSOR_DEFINITIONS = (
					"DEBUG=1",
					"$(inherited)",
				);
				GCC_SYMBOLS_PRIVATE_EXTERN = NO;
				GCC_WARN_64_TO_32_BIT_CONVERSION = YES;
				GCC_WARN_ABOUT_RETURN_TYPE = YES_ERROR;
				GCC_WARN_UNDECLARED_SELECTOR = YES;
				GCC_WARN_UNINITIALIZED_AUTOS = YES_AGGRESSIVE;
				GCC_WARN_UNUSED_FUNCTION = YES;
				GCC_WARN_UNUSED_VARIABLE = YES;
				IPHONEOS_DEPLOYMENT_TARGET = 8.1;
				MTL_ENABLE_DEBUG_INFO = YES;
				ONLY_ACTIVE_ARCH = YES;
				SDKROOT = iphoneos;
			};
			name = Debug;
		};
		2F0A4D641AA289F0001C7E36 /* Release */ = {
			isa = XCBuildConfiguration;
			buildSettings = {
				ALWAYS_SEARCH_USER_PATHS = NO;
				CLANG_CXX_LANGUAGE_STANDARD = "gnu++0x";
				CLANG_CXX_LIBRARY = "libc++";
				CLANG_ENABLE_MODULES = YES;
				CLANG_ENABLE_OBJC_ARC = YES;
				CLANG_WARN_BOOL_CONVERSION = YES;
				CLANG_WARN_CONSTANT_CONVERSION = YES;
				CLANG_WARN_DIRECT_OBJC_ISA_USAGE = YES_ERROR;
				CLANG_WARN_EMPTY_BODY = YES;
				CLANG_WARN_ENUM_CONVERSION = YES;
				CLANG_WARN_INT_CONVERSION = YES;
				CLANG_WARN_OBJC_ROOT_CLASS = YES_ERROR;
				CLANG_WARN_UNREACHABLE_CODE = YES;
				CLANG_WARN__DUPLICATE_METHOD_MATCH = YES;
				"CODE_SIGN_IDENTITY[sdk=iphoneos*]" = "iPhone Developer";
				COPY_PHASE_STRIP = YES;
				ENABLE_NS_ASSERTIONS = NO;
				ENABLE_STRICT_OBJC_MSGSEND = YES;
				GCC_C_LANGUAGE_STANDARD = gnu99;
				GCC_WARN_64_TO_32_BIT_CONVERSION = YES;
				GCC_WARN_ABOUT_RETURN_TYPE = YES_ERROR;
				GCC_WARN_UNDECLARED_SELECTOR = YES;
				GCC_WARN_UNINITIALIZED_AUTOS = YES_AGGRESSIVE;
				GCC_WARN_UNUSED_FUNCTION = YES;
				GCC_WARN_UNUSED_VARIABLE = YES;
				IPHONEOS_DEPLOYMENT_TARGET = 8.1;
				MTL_ENABLE_DEBUG_INFO = NO;
				SDKROOT = iphoneos;
				VALIDATE_PRODUCT = YES;
			};
			name = Release;
		};
		2F0A4D661AA289F0001C7E36 /* Debug */ = {
			isa = XCBuildConfiguration;
			buildSettings = {
				ASSETCATALOG_COMPILER_APPICON_NAME = AppIcon;
				INFOPLIST_FILE = DeviseAuth/Info.plist;
				LD_RUNPATH_SEARCH_PATHS = "$(inherited) @executable_path/Frameworks";
				PRODUCT_NAME = "$(TARGET_NAME)";
			};
			name = Debug;
		};
		2F0A4D671AA289F0001C7E36 /* Release */ = {
			isa = XCBuildConfiguration;
			buildSettings = {
				ASSETCATALOG_COMPILER_APPICON_NAME = AppIcon;
				INFOPLIST_FILE = DeviseAuth/Info.plist;
				LD_RUNPATH_SEARCH_PATHS = "$(inherited) @executable_path/Frameworks";
				PRODUCT_NAME = "$(TARGET_NAME)";
			};
			name = Release;
		};
		2F0A4D691AA289F0001C7E36 /* Debug */ = {
			isa = XCBuildConfiguration;
			buildSettings = {
				BUNDLE_LOADER = "$(TEST_HOST)";
				FRAMEWORK_SEARCH_PATHS = (
					"$(SDKROOT)/Developer/Library/Frameworks",
					"$(inherited)",
				);
				GCC_PREPROCESSOR_DEFINITIONS = (
					"DEBUG=1",
					"$(inherited)",
				);
				INFOPLIST_FILE = DeviseAuthTests/Info.plist;
				LD_RUNPATH_SEARCH_PATHS = "$(inherited) @executable_path/Frameworks @loader_path/Frameworks";
				PRODUCT_NAME = "$(TARGET_NAME)";
				TEST_HOST = "$(BUILT_PRODUCTS_DIR)/DeviseAuth.app/DeviseAuth";
			};
			name = Debug;
		};
		2F0A4D6A1AA289F0001C7E36 /* Release */ = {
			isa = XCBuildConfiguration;
			buildSettings = {
				BUNDLE_LOADER = "$(TEST_HOST)";
				FRAMEWORK_SEARCH_PATHS = (
					"$(SDKROOT)/Developer/Library/Frameworks",
					"$(inherited)",
				);
				INFOPLIST_FILE = DeviseAuthTests/Info.plist;
				LD_RUNPATH_SEARCH_PATHS = "$(inherited) @executable_path/Frameworks @loader_path/Frameworks";
				PRODUCT_NAME = "$(TARGET_NAME)";
				TEST_HOST = "$(BUILT_PRODUCTS_DIR)/DeviseAuth.app/DeviseAuth";
			};
			name = Release;
		};
/* End XCBuildConfiguration section */

/* Begin XCConfigurationList section */
		2F0A4D3A1AA289F0001C7E36 /* Build configuration list for PBXProject "DeviseAuth" */ = {
			isa = XCConfigurationList;
			buildConfigurations = (
				2F0A4D631AA289F0001C7E36 /* Debug */,
				2F0A4D641AA289F0001C7E36 /* Release */,
			);
			defaultConfigurationIsVisible = 0;
			defaultConfigurationName = Release;
		};
		2F0A4D651AA289F0001C7E36 /* Build configuration list for PBXNativeTarget "DeviseAuth" */ = {
			isa = XCConfigurationList;
			buildConfigurations = (
				2F0A4D661AA289F0001C7E36 /* Debug */,
				2F0A4D671AA289F0001C7E36 /* Release */,
			);
			defaultConfigurationIsVisible = 0;
			defaultConfigurationName = Release;
		};
		2F0A4D681AA289F0001C7E36 /* Build configuration list for PBXNativeTarget "DeviseAuthTests" */ = {
			isa = XCConfigurationList;
			buildConfigurations = (
				2F0A4D691AA289F0001C7E36 /* Debug */,
				2F0A4D6A1AA289F0001C7E36 /* Release */,
			);
			defaultConfigurationIsVisible = 0;
			defaultConfigurationName = Release;
		};
/* End XCConfigurationList section */
	};
	rootObject = 2F0A4D371AA289F0001C7E36 /* Project object */;
}
